
Microsoft Visual Studio Solution File, Format Version 12.00
# Visual Studio Version 17
VisualStudioVersion = 17.8.34525.116
MinimumVisualStudioVersion = 10.0.40219.1
Project("{FAE04EC0-301F-11D3-BF4B-00C04F79EFBC}") = "KisiselWebSitesi", "KisiselWebSitesi\KisiselWebSitesi.csproj", "{F579C5ED-7D53-4609-AC79-25EE2F337016}"
EndProject
Global
	GlobalSection(SolutionConfigurationPlatforms) = preSolution
		Debug|Any CPU = Debug|Any CPU
		Release|Any CPU = Release|Any CPU
	EndGlobalSection
	GlobalSection(ProjectConfigurationPlatforms) = postSolution
		{F579C5ED-7D53-4609-AC79-25EE2F337016}.Debug|Any CPU.ActiveCfg = Debug|Any CPU
		{F579C5ED-7D53-4609-AC79-25EE2F337016}.Debug|Any CPU.Build.0 = Debug|Any CPU
		{F579C5ED-7D53-4609-AC79-25EE2F337016}.Release|Any CPU.ActiveCfg = Release|Any CPU
		{F579C5ED-7D53-4609-AC79-25EE2F337016}.Release|Any CPU.Build.0 = Release|Any CPU
	EndGlobalSection
	GlobalSection(SolutionProperties) = preSolution
		HideSolutionNode = FALSE
	EndGlobalSection
	GlobalSection(ExtensibilityGlobals) = postSolution
		SolutionGuid = {A3FA318F-6479-44B0-A284-536BF963443F}
	EndGlobalSection
EndGlobal
